
Microsoft Visual Studio Solution File, Format Version 12.00
# Visual Studio Version 17
Project("{2150E333-8FDC-42A3-9474-1A3956D46DE8}") = "CMakePredefinedTargets", "CMakePredefinedTargets", "{B68FD96E-4E67-383F-A302-DABEEEE43AE9}"
EndProject
Project("{2150E333-8FDC-42A3-9474-1A3956D46DE8}") = "External", "External", "{9DAB8740-8ED6-30BC-9B10-85B2B0E6752D}"
EndProject
Project("{2150E333-8FDC-42A3-9474-1A3956D46DE8}") = "Internal", "Internal", "{EDC26625-3BF3-3F0B-A87B-00CE6CB2701A}"
EndProject
Project("{8BC9CEB8-8B4A-11D0-8D11-00A0C91BC942}") = "ALL_BUILD", "ALL_BUILD.vcxproj", "{C62FE280-A31A-3D81-BD04-DDCA15327D2C}"
	ProjectSection(ProjectDependencies) = postProject
		{C1E4FA00-1B47-3920-97A2-033782DD8BF0} = {C1E4FA00-1B47-3920-97A2-033782DD8BF0}
		{B3929A43-C978-3909-87FF-6F0AE2B2EB5E} = {B3929A43-C978-3909-87FF-6F0AE2B2EB5E}
		{B461295A-D53E-3263-9AFB-F766473C03FA} = {B461295A-D53E-3263-9AFB-F766473C03FA}
		{260AAC2B-1484-3AFE-BA36-9EC962022E4C} = {260AAC2B-1484-3AFE-BA36-9EC962022E4C}
		{F7977A7C-5FCF-3581-9710-E43738D32199} = {F7977A7C-5FCF-3581-9710-E43738D32199}
		{7181B14B-B520-3F2C-9A33-71811F3A8BD9} = {7181B14B-B520-3F2C-9A33-71811F3A8BD9}
		{61563148-FE79-3FA0-8A74-6CCEF99D93FB} = {61563148-FE79-3FA0-8A74-6CCEF99D93FB}
		{B64513F5-17C2-346A-9122-5B5CF6D26ED4} = {B64513F5-17C2-346A-9122-5B5CF6D26ED4}
		{B005EA6F-C3A8-3E70-88AA-55EE28711C57} = {B005EA6F-C3A8-3E70-88AA-55EE28711C57}
		{89F791C4-6FFE-3E39-B4B2-DA08C9939CBB} = {89F791C4-6FFE-3E39-B4B2-DA08C9939CBB}
		{A0815FC9-35BB-3866-977A-CCCCFDF70A11} = {A0815FC9-35BB-3866-977A-CCCCFDF70A11}
		{026019A6-7C63-39D3-88BC-55C558746833} = {026019A6-7C63-39D3-88BC-55C558746833}
		{17A3C3C2-9666-3934-A895-0E585A59826D} = {17A3C3C2-9666-3934-A895-0E585A59826D}
		{B4507F5F-9239-3ADC-85D4-788B15FF58D5} = {B4507F5F-9239-3ADC-85D4-788B15FF58D5}
	EndProjectSection
EndProject
Project("{8BC9CEB8-8B4A-11D0-8D11-00A0C91BC942}") = "ZERO_CHECK", "ZERO_CHECK.vcxproj", "{C1E4FA00-1B47-3920-97A2-033782DD8BF0}"
	ProjectSection(ProjectDependencies) = postProject
	EndProjectSection
EndProject
Project("{8BC9CEB8-8B4A-11D0-8D11-00A0C91BC942}") = "cocos2d", "engine\cocos\core\cocos2d.vcxproj", "{B3929A43-C978-3909-87FF-6F0AE2B2EB5E}"
	ProjectSection(ProjectDependencies) = postProject
		{C1E4FA00-1B47-3920-97A2-033782DD8BF0} = {C1E4FA00-1B47-3920-97A2-033782DD8BF0}
		{B461295A-D53E-3263-9AFB-F766473C03FA} = {B461295A-D53E-3263-9AFB-F766473C03FA}
		{260AAC2B-1484-3AFE-BA36-9EC962022E4C} = {260AAC2B-1484-3AFE-BA36-9EC962022E4C}
		{F7977A7C-5FCF-3581-9710-E43738D32199} = {F7977A7C-5FCF-3581-9710-E43738D32199}
		{7181B14B-B520-3F2C-9A33-71811F3A8BD9} = {7181B14B-B520-3F2C-9A33-71811F3A8BD9}
		{61563148-FE79-3FA0-8A74-6CCEF99D93FB} = {61563148-FE79-3FA0-8A74-6CCEF99D93FB}
		{B64513F5-17C2-346A-9122-5B5CF6D26ED4} = {B64513F5-17C2-346A-9122-5B5CF6D26ED4}
		{B005EA6F-C3A8-3E70-88AA-55EE28711C57} = {B005EA6F-C3A8-3E70-88AA-55EE28711C57}
		{89F791C4-6FFE-3E39-B4B2-DA08C9939CBB} = {89F791C4-6FFE-3E39-B4B2-DA08C9939CBB}
		{A0815FC9-35BB-3866-977A-CCCCFDF70A11} = {A0815FC9-35BB-3866-977A-CCCCFDF70A11}
		{026019A6-7C63-39D3-88BC-55C558746833} = {026019A6-7C63-39D3-88BC-55C558746833}
		{17A3C3C2-9666-3934-A895-0E585A59826D} = {17A3C3C2-9666-3934-A895-0E585A59826D}
	EndProjectSection
EndProject
Project("{8BC9CEB8-8B4A-11D0-8D11-00A0C91BC942}") = "ext_clipper", "engine\external\clipper\ext_clipper.vcxproj", "{B461295A-D53E-3263-9AFB-F766473C03FA}"
	ProjectSection(ProjectDependencies) = postProject
		{C1E4FA00-1B47-3920-97A2-033782DD8BF0} = {C1E4FA00-1B47-3920-97A2-033782DD8BF0}
	EndProjectSection
EndProject
Project("{8BC9CEB8-8B4A-11D0-8D11-00A0C91BC942}") = "ext_convertUTF", "engine\external\ConvertUTF\ext_convertUTF.vcxproj", "{260AAC2B-1484-3AFE-BA36-9EC962022E4C}"
	ProjectSection(ProjectDependencies) = postProject
		{C1E4FA00-1B47-3920-97A2-033782DD8BF0} = {C1E4FA00-1B47-3920-97A2-033782DD8BF0}
	EndProjectSection
EndProject
Project("{8BC9CEB8-8B4A-11D0-8D11-00A0C91BC942}") = "ext_edtaa3func", "engine\external\edtaa3func\ext_edtaa3func.vcxproj", "{F7977A7C-5FCF-3581-9710-E43738D32199}"
	ProjectSection(ProjectDependencies) = postProject
		{C1E4FA00-1B47-3920-97A2-033782DD8BF0} = {C1E4FA00-1B47-3920-97A2-033782DD8BF0}
	EndProjectSection
EndProject
Project("{8BC9CEB8-8B4A-11D0-8D11-00A0C91BC942}") = "ext_md5", "engine\external\md5\ext_md5.vcxproj", "{7181B14B-B520-3F2C-9A33-71811F3A8BD9}"
	ProjectSection(ProjectDependencies) = postProject
		{C1E4FA00-1B47-3920-97A2-033782DD8BF0} = {C1E4FA00-1B47-3920-97A2-033782DD8BF0}
	EndProjectSection
EndProject
Project("{8BC9CEB8-8B4A-11D0-8D11-00A0C91BC942}") = "ext_poly2tri", "engine\external\poly2tri\ext_poly2tri.vcxproj", "{61563148-FE79-3FA0-8A74-6CCEF99D93FB}"
	ProjectSection(ProjectDependencies) = postProject
		{C1E4FA00-1B47-3920-97A2-033782DD8BF0} = {C1E4FA00-1B47-3920-97A2-033782DD8BF0}
	EndProjectSection
EndProject
Project("{8BC9CEB8-8B4A-11D0-8D11-00A0C91BC942}") = "ext_recast", "engine\external\recast\ext_recast.vcxproj", "{B64513F5-17C2-346A-9122-5B5CF6D26ED4}"
	ProjectSection(ProjectDependencies) = postProject
		{C1E4FA00-1B47-3920-97A2-033782DD8BF0} = {C1E4FA00-1B47-3920-97A2-033782DD8BF0}
	EndProjectSection
EndProject
Project("{8BC9CEB8-8B4A-11D0-8D11-00A0C91BC942}") = "ext_tinyxml2", "engine\external\tinyxml2\ext_tinyxml2.vcxproj", "{B005EA6F-C3A8-3E70-88AA-55EE28711C57}"
	ProjectSection(ProjectDependencies) = postProject
		{C1E4FA00-1B47-3920-97A2-033782DD8BF0} = {C1E4FA00-1B47-3920-97A2-033782DD8BF0}
	EndProjectSection
EndProject
Project("{8BC9CEB8-8B4A-11D0-8D11-00A0C91BC942}") = "ext_unzip", "engine\external\unzip\ext_unzip.vcxproj", "{89F791C4-6FFE-3E39-B4B2-DA08C9939CBB}"
	ProjectSection(ProjectDependencies) = postProject
		{C1E4FA00-1B47-3920-97A2-033782DD8BF0} = {C1E4FA00-1B47-3920-97A2-033782DD8BF0}
	EndProjectSection
EndProject
Project("{8BC9CEB8-8B4A-11D0-8D11-00A0C91BC942}") = "ext_xxhash", "engine\external\xxhash\ext_xxhash.vcxproj", "{A0815FC9-35BB-3866-977A-CCCCFDF70A11}"
	ProjectSection(ProjectDependencies) = postProject
		{C1E4FA00-1B47-3920-97A2-033782DD8BF0} = {C1E4FA00-1B47-3920-97A2-033782DD8BF0}
	EndProjectSection
EndProject
Project("{8BC9CEB8-8B4A-11D0-8D11-00A0C91BC942}") = "ext_xxtea", "engine\external\xxtea\ext_xxtea.vcxproj", "{026019A6-7C63-39D3-88BC-55C558746833}"
	ProjectSection(ProjectDependencies) = postProject
		{C1E4FA00-1B47-3920-97A2-033782DD8BF0} = {C1E4FA00-1B47-3920-97A2-033782DD8BF0}
	EndProjectSection
EndProject
Project("{8BC9CEB8-8B4A-11D0-8D11-00A0C91BC942}") = "external", "engine\external\external.vcxproj", "{17A3C3C2-9666-3934-A895-0E585A59826D}"
	ProjectSection(ProjectDependencies) = postProject
		{C1E4FA00-1B47-3920-97A2-033782DD8BF0} = {C1E4FA00-1B47-3920-97A2-033782DD8BF0}
		{B461295A-D53E-3263-9AFB-F766473C03FA} = {B461295A-D53E-3263-9AFB-F766473C03FA}
		{260AAC2B-1484-3AFE-BA36-9EC962022E4C} = {260AAC2B-1484-3AFE-BA36-9EC962022E4C}
		{F7977A7C-5FCF-3581-9710-E43738D32199} = {F7977A7C-5FCF-3581-9710-E43738D32199}
		{7181B14B-B520-3F2C-9A33-71811F3A8BD9} = {7181B14B-B520-3F2C-9A33-71811F3A8BD9}
		{61563148-FE79-3FA0-8A74-6CCEF99D93FB} = {61563148-FE79-3FA0-8A74-6CCEF99D93FB}
		{B64513F5-17C2-346A-9122-5B5CF6D26ED4} = {B64513F5-17C2-346A-9122-5B5CF6D26ED4}
		{B005EA6F-C3A8-3E70-88AA-55EE28711C57} = {B005EA6F-C3A8-3E70-88AA-55EE28711C57}
		{89F791C4-6FFE-3E39-B4B2-DA08C9939CBB} = {89F791C4-6FFE-3E39-B4B2-DA08C9939CBB}
		{A0815FC9-35BB-3866-977A-CCCCFDF70A11} = {A0815FC9-35BB-3866-977A-CCCCFDF70A11}
		{026019A6-7C63-39D3-88BC-55C558746833} = {026019A6-7C63-39D3-88BC-55C558746833}
	EndProjectSection
EndProject
Project("{8BC9CEB8-8B4A-11D0-8D11-00A0C91BC942}") = "spatula_battle", "spatula_battle.vcxproj", "{B4507F5F-9239-3ADC-85D4-788B15FF58D5}"
	ProjectSection(ProjectDependencies) = postProject
		{C1E4FA00-1B47-3920-97A2-033782DD8BF0} = {C1E4FA00-1B47-3920-97A2-033782DD8BF0}
		{B3929A43-C978-3909-87FF-6F0AE2B2EB5E} = {B3929A43-C978-3909-87FF-6F0AE2B2EB5E}
		{B461295A-D53E-3263-9AFB-F766473C03FA} = {B461295A-D53E-3263-9AFB-F766473C03FA}
		{260AAC2B-1484-3AFE-BA36-9EC962022E4C} = {260AAC2B-1484-3AFE-BA36-9EC962022E4C}
		{F7977A7C-5FCF-3581-9710-E43738D32199} = {F7977A7C-5FCF-3581-9710-E43738D32199}
		{7181B14B-B520-3F2C-9A33-71811F3A8BD9} = {7181B14B-B520-3F2C-9A33-71811F3A8BD9}
		{61563148-FE79-3FA0-8A74-6CCEF99D93FB} = {61563148-FE79-3FA0-8A74-6CCEF99D93FB}
		{B64513F5-17C2-346A-9122-5B5CF6D26ED4} = {B64513F5-17C2-346A-9122-5B5CF6D26ED4}
		{B005EA6F-C3A8-3E70-88AA-55EE28711C57} = {B005EA6F-C3A8-3E70-88AA-55EE28711C57}
		{89F791C4-6FFE-3E39-B4B2-DA08C9939CBB} = {89F791C4-6FFE-3E39-B4B2-DA08C9939CBB}
		{A0815FC9-35BB-3866-977A-CCCCFDF70A11} = {A0815FC9-35BB-3866-977A-CCCCFDF70A11}
		{026019A6-7C63-39D3-88BC-55C558746833} = {026019A6-7C63-39D3-88BC-55C558746833}
		{17A3C3C2-9666-3934-A895-0E585A59826D} = {17A3C3C2-9666-3934-A895-0E585A59826D}
	EndProjectSection
EndProject
Global
	GlobalSection(SolutionConfigurationPlatforms) = preSolution
		Debug|win32 = Debug|win32
		Release|win32 = Release|win32
	EndGlobalSection
	GlobalSection(ProjectConfigurationPlatforms) = postSolution
		{C62FE280-A31A-3D81-BD04-DDCA15327D2C}.Debug|win32.ActiveCfg = Debug|win32
		{C62FE280-A31A-3D81-BD04-DDCA15327D2C}.Release|win32.ActiveCfg = Release|win32
		{C1E4FA00-1B47-3920-97A2-033782DD8BF0}.Debug|win32.ActiveCfg = Debug|win32
		{C1E4FA00-1B47-3920-97A2-033782DD8BF0}.Debug|win32.Build.0 = Debug|win32
		{C1E4FA00-1B47-3920-97A2-033782DD8BF0}.Release|win32.ActiveCfg = Release|win32
		{C1E4FA00-1B47-3920-97A2-033782DD8BF0}.Release|win32.Build.0 = Release|win32
		{B3929A43-C978-3909-87FF-6F0AE2B2EB5E}.Debug|win32.ActiveCfg = Debug|win32
		{B3929A43-C978-3909-87FF-6F0AE2B2EB5E}.Debug|win32.Build.0 = Debug|win32
		{B3929A43-C978-3909-87FF-6F0AE2B2EB5E}.Release|win32.ActiveCfg = Release|win32
		{B3929A43-C978-3909-87FF-6F0AE2B2EB5E}.Release|win32.Build.0 = Release|win32
		{B461295A-D53E-3263-9AFB-F766473C03FA}.Debug|win32.ActiveCfg = Debug|win32
		{B461295A-D53E-3263-9AFB-F766473C03FA}.Debug|win32.Build.0 = Debug|win32
		{B461295A-D53E-3263-9AFB-F766473C03FA}.Release|win32.ActiveCfg = Release|win32
		{B461295A-D53E-3263-9AFB-F766473C03FA}.Release|win32.Build.0 = Release|win32
		{260AAC2B-1484-3AFE-BA36-9EC962022E4C}.Debug|win32.ActiveCfg = Debug|win32
		{260AAC2B-1484-3AFE-BA36-9EC962022E4C}.Debug|win32.Build.0 = Debug|win32
		{260AAC2B-1484-3AFE-BA36-9EC962022E4C}.Release|win32.ActiveCfg = Release|win32
		{260AAC2B-1484-3AFE-BA36-9EC962022E4C}.Release|win32.Build.0 = Release|win32
		{F7977A7C-5FCF-3581-9710-E43738D32199}.Debug|win32.ActiveCfg = Debug|win32
		{F7977A7C-5FCF-3581-9710-E43738D32199}.Debug|win32.Build.0 = Debug|win32
		{F7977A7C-5FCF-3581-9710-E43738D32199}.Release|win32.ActiveCfg = Release|win32
		{F7977A7C-5FCF-3581-9710-E43738D32199}.Release|win32.Build.0 = Release|win32
		{7181B14B-B520-3F2C-9A33-71811F3A8BD9}.Debug|win32.ActiveCfg = Debug|win32
		{7181B14B-B520-3F2C-9A33-71811F3A8BD9}.Debug|win32.Build.0 = Debug|win32
		{7181B14B-B520-3F2C-9A33-71811F3A8BD9}.Release|win32.ActiveCfg = Release|win32
		{7181B14B-B520-3F2C-9A33-71811F3A8BD9}.Release|win32.Build.0 = Release|win32
		{61563148-FE79-3FA0-8A74-6CCEF99D93FB}.Debug|win32.ActiveCfg = Debug|win32
		{61563148-FE79-3FA0-8A74-6CCEF99D93FB}.Debug|win32.Build.0 = Debug|win32
		{61563148-FE79-3FA0-8A74-6CCEF99D93FB}.Release|win32.ActiveCfg = Release|win32
		{61563148-FE79-3FA0-8A74-6CCEF99D93FB}.Release|win32.Build.0 = Release|win32
		{B64513F5-17C2-346A-9122-5B5CF6D26ED4}.Debug|win32.ActiveCfg = Debug|win32
		{B64513F5-17C2-346A-9122-5B5CF6D26ED4}.Debug|win32.Build.0 = Debug|win32
		{B64513F5-17C2-346A-9122-5B5CF6D26ED4}.Release|win32.ActiveCfg = Release|win32
		{B64513F5-17C2-346A-9122-5B5CF6D26ED4}.Release|win32.Build.0 = Release|win32
		{B005EA6F-C3A8-3E70-88AA-55EE28711C57}.Debug|win32.ActiveCfg = Debug|win32
		{B005EA6F-C3A8-3E70-88AA-55EE28711C57}.Debug|win32.Build.0 = Debug|win32
		{B005EA6F-C3A8-3E70-88AA-55EE28711C57}.Release|win32.ActiveCfg = Release|win32
		{B005EA6F-C3A8-3E70-88AA-55EE28711C57}.Release|win32.Build.0 = Release|win32
		{89F791C4-6FFE-3E39-B4B2-DA08C9939CBB}.Debug|win32.ActiveCfg = Debug|win32
		{89F791C4-6FFE-3E39-B4B2-DA08C9939CBB}.Debug|win32.Build.0 = Debug|win32
		{89F791C4-6FFE-3E39-B4B2-DA08C9939CBB}.Release|win32.ActiveCfg = Release|win32
		{89F791C4-6FFE-3E39-B4B2-DA08C9939CBB}.Release|win32.Build.0 = Release|win32
		{A0815FC9-35BB-3866-977A-CCCCFDF70A11}.Debug|win32.ActiveCfg = Debug|win32
		{A0815FC9-35BB-3866-977A-CCCCFDF70A11}.Debug|win32.Build.0 = Debug|win32
		{A0815FC9-35BB-3866-977A-CCCCFDF70A11}.Release|win32.ActiveCfg = Release|win32
		{A0815FC9-35BB-3866-977A-CCCCFDF70A11}.Release|win32.Build.0 = Release|win32
		{026019A6-7C63-39D3-88BC-55C558746833}.Debug|win32.ActiveCfg = Debug|win32
		{026019A6-7C63-39D3-88BC-55C558746833}.Debug|win32.Build.0 = Debug|win32
		{026019A6-7C63-39D3-88BC-55C558746833}.Release|win32.ActiveCfg = Release|win32
		{026019A6-7C63-39D3-88BC-55C558746833}.Release|win32.Build.0 = Release|win32
		{17A3C3C2-9666-3934-A895-0E585A59826D}.Debug|win32.ActiveCfg = Debug|win32
		{17A3C3C2-9666-3934-A895-0E585A59826D}.Debug|win32.Build.0 = Debug|win32
		{17A3C3C2-9666-3934-A895-0E585A59826D}.Release|win32.ActiveCfg = Release|win32
		{17A3C3C2-9666-3934-A895-0E585A59826D}.Release|win32.Build.0 = Release|win32
		{B4507F5F-9239-3ADC-85D4-788B15FF58D5}.Debug|win32.ActiveCfg = Debug|win32
		{B4507F5F-9239-3ADC-85D4-788B15FF58D5}.Debug|win32.Build.0 = Debug|win32
		{B4507F5F-9239-3ADC-85D4-788B15FF58D5}.Release|win32.ActiveCfg = Release|win32
		{B4507F5F-9239-3ADC-85D4-788B15FF58D5}.Release|win32.Build.0 = Release|win32
	EndGlobalSection
	GlobalSection(NestedProjects) = preSolution
		{C62FE280-A31A-3D81-BD04-DDCA15327D2C} = {B68FD96E-4E67-383F-A302-DABEEEE43AE9}
		{C1E4FA00-1B47-3920-97A2-033782DD8BF0} = {B68FD96E-4E67-383F-A302-DABEEEE43AE9}
		{B461295A-D53E-3263-9AFB-F766473C03FA} = {9DAB8740-8ED6-30BC-9B10-85B2B0E6752D}
		{260AAC2B-1484-3AFE-BA36-9EC962022E4C} = {9DAB8740-8ED6-30BC-9B10-85B2B0E6752D}
		{F7977A7C-5FCF-3581-9710-E43738D32199} = {9DAB8740-8ED6-30BC-9B10-85B2B0E6752D}
		{7181B14B-B520-3F2C-9A33-71811F3A8BD9} = {9DAB8740-8ED6-30BC-9B10-85B2B0E6752D}
		{61563148-FE79-3FA0-8A74-6CCEF99D93FB} = {9DAB8740-8ED6-30BC-9B10-85B2B0E6752D}
		{B64513F5-17C2-346A-9122-5B5CF6D26ED4} = {9DAB8740-8ED6-30BC-9B10-85B2B0E6752D}
		{B005EA6F-C3A8-3E70-88AA-55EE28711C57} = {9DAB8740-8ED6-30BC-9B10-85B2B0E6752D}
		{89F791C4-6FFE-3E39-B4B2-DA08C9939CBB} = {9DAB8740-8ED6-30BC-9B10-85B2B0E6752D}
		{A0815FC9-35BB-3866-977A-CCCCFDF70A11} = {9DAB8740-8ED6-30BC-9B10-85B2B0E6752D}
		{026019A6-7C63-39D3-88BC-55C558746833} = {9DAB8740-8ED6-30BC-9B10-85B2B0E6752D}
		{17A3C3C2-9666-3934-A895-0E585A59826D} = {9DAB8740-8ED6-30BC-9B10-85B2B0E6752D}
		{B3929A43-C978-3909-87FF-6F0AE2B2EB5E} = {EDC26625-3BF3-3F0B-A87B-00CE6CB2701A}
	EndGlobalSection
	GlobalSection(ExtensibilityGlobals) = postSolution
		SolutionGuid = {ADC46A67-337A-3535-8D12-1A5EFCD4A5CF}
	EndGlobalSection
	GlobalSection(ExtensibilityAddIns) = postSolution
	EndGlobalSection
EndGlobal
